PODS:
  - clipboard_watcher (0.0.1):
    - FlutterMacOS
  - FlutterMacOS (1.0.0)
  - HotKey (0.1.2)
  - hotkey_manager (0.0.1):
    - FlutterMacOS
    - HotKey
  - screen_text_extractor (0.1.0):
    - FlutterMacOS

DEPENDENCIES:
  - clipboard_watcher (from `Flutter/ephemeral/.symlinks/plugins/clipboard_watcher/macos`)
  - FlutterMacOS (from `Flutter/ephemeral`)
  - hotkey_manager (from `Flutter/ephemeral/.symlinks/plugins/hotkey_manager/macos`)
  - screen_text_extractor (from `Flutter/ephemeral/.symlinks/plugins/screen_text_extractor/macos`)

SPEC REPOS:
  trunk:
    - HotKey

EXTERNAL SOURCES:
  clipboard_watcher:
    :path: Flutter/ephemeral/.symlinks/plugins/clipboard_watcher/macos
  FlutterMacOS:
    :path: Flutter/ephemeral
  hotkey_manager:
    :path: Flutter/ephemeral/.symlinks/plugins/hotkey_manager/macos
  screen_text_extractor:
    :path: Flutter/ephemeral/.symlinks/plugins/screen_text_extractor/macos

SPEC CHECKSUMS:
  clipboard_watcher: a71da520051c24c1b969a411b3e152d4dcc93ca5
  FlutterMacOS: 8f6f14fa908a6fb3fba0cd85dbd81ec4b251fb24
  HotKey: ad59450195936c10992438c4210f673de5aee43e
  hotkey_manager: ad673457691f4d39e481be04a61da2ae07d81c62
  screen_text_extractor: 2c310f54af1dee881522e2b76bec9a668ebfe0cf

PODFILE CHECKSUM: 353c8bcc5d5b0994e508d035b5431cfe18c1dea7

COCOAPODS: 1.11.3
